
Microsoft Visual Studio Solution File, Format Version 12.00
# Visual Studio Version 16
VisualStudioVersion = 16.0.29409.12
MinimumVisualStudioVersion = 10.0.40219.1
Project("{FAE04EC0-301F-11D3-BF4B-00C04F79EFBC}") = "CalliFixer", "CalliFixer\CalliFixer.csproj", "{36D13D0E-D4A4-4E44-A067-4735195C7FC8}"
EndProject
Global
	GlobalSection(SolutionConfigurationPlatforms) = preSolution
		Debug|Any CPU = Debug|Any CPU
		Release|Any CPU = Release|Any CPU
	EndGlobalSection
	GlobalSection(ProjectConfigurationPlatforms) = postSolution
		{36D13D0E-D4A4-4E44-A067-4735195C7FC8}.Debug|Any CPU.ActiveCfg = Debug|Any CPU
		{36D13D0E-D4A4-4E44-A067-4735195C7FC8}.Debug|Any CPU.Build.0 = Debug|Any CPU
		{36D13D0E-D4A4-4E44-A067-4735195C7FC8}.Release|Any CPU.ActiveCfg = Release|Any CPU
		{36D13D0E-D4A4-4E44-A067-4735195C7FC8}.Release|Any CPU.Build.0 = Release|Any CPU
	EndGlobalSection
	GlobalSection(SolutionProperties) = preSolution
		HideSolutionNode = FALSE
	EndGlobalSection
	GlobalSection(ExtensibilityGlobals) = postSolution
		SolutionGuid = {6324A315-A070-46B5-9BFB-8EF7BBAD5614}
	EndGlobalSection
EndGlobal
